
Microsoft Visual Studio Solution File, Format Version 12.00
# Visual Studio Version 17
VisualStudioVersion = 17.0.31717.71
MinimumVisualStudioVersion = 10.0.40219.1
Project("{9A19103F-16F7-4668-BE54-9A1E7A4F7556}") = "PropertyInterception", "PropertyInterception\PropertyInterception.csproj", "{A98018F6-4A6F-4789-B34D-CA0A7615FB32}"
EndProject
Project("{9A19103F-16F7-4668-BE54-9A1E7A4F7556}") = "PropertyInterception.Tests", "PropertyInterception.Tests\PropertyInterception.Tests.csproj", "{1E7E5CEC-92E0-4F5C-8044-161F0CC5334E}"
EndProject
Project("{FAE04EC0-301F-11D3-BF4B-00C04F79EFBC}") = "PropertyInterception.Examples", "PropertyInterception.Examples\PropertyInterception.Examples.csproj", "{1FD47881-D2CF-4C8C-A16F-84602169F9DC}"
EndProject
Global
	GlobalSection(SolutionConfigurationPlatforms) = preSolution
		Debug|Any CPU = Debug|Any CPU
		Release|Any CPU = Release|Any CPU
	EndGlobalSection
	GlobalSection(ProjectConfigurationPlatforms) = postSolution
		{A98018F6-4A6F-4789-B34D-CA0A7615FB32}.Debug|Any CPU.ActiveCfg = Debug|Any CPU
		{A98018F6-4A6F-4789-B34D-CA0A7615FB32}.Debug|Any CPU.Build.0 = Debug|Any CPU
		{A98018F6-4A6F-4789-B34D-CA0A7615FB32}.Release|Any CPU.ActiveCfg = Release|Any CPU
		{A98018F6-4A6F-4789-B34D-CA0A7615FB32}.Release|Any CPU.Build.0 = Release|Any CPU
		{1E7E5CEC-92E0-4F5C-8044-161F0CC5334E}.Debug|Any CPU.ActiveCfg = Debug|Any CPU
		{1E7E5CEC-92E0-4F5C-8044-161F0CC5334E}.Debug|Any CPU.Build.0 = Debug|Any CPU
		{1E7E5CEC-92E0-4F5C-8044-161F0CC5334E}.Release|Any CPU.ActiveCfg = Release|Any CPU
		{1E7E5CEC-92E0-4F5C-8044-161F0CC5334E}.Release|Any CPU.Build.0 = Release|Any CPU
		{1FD47881-D2CF-4C8C-A16F-84602169F9DC}.Debug|Any CPU.ActiveCfg = Debug|Any CPU
		{1FD47881-D2CF-4C8C-A16F-84602169F9DC}.Debug|Any CPU.Build.0 = Debug|Any CPU
		{1FD47881-D2CF-4C8C-A16F-84602169F9DC}.Release|Any CPU.ActiveCfg = Release|Any CPU
		{1FD47881-D2CF-4C8C-A16F-84602169F9DC}.Release|Any CPU.Build.0 = Release|Any CPU
	EndGlobalSection
	GlobalSection(SolutionProperties) = preSolution
		HideSolutionNode = FALSE
	EndGlobalSection
	GlobalSection(ExtensibilityGlobals) = postSolution
		SolutionGuid = {9C36D325-2AB6-4333-A266-B2CEA5A84ABF}
	EndGlobalSection
EndGlobal
